{
  "name": "ingest",
  "lockfileVersion": 3,
  "requires": true,
  "packages": {
    "": {
      "dependencies": {
        "dotenv": "^17.4.2",
        "pocketbase": "^0.26.2"
      }
    },
    "node_modules/dotenv": {
      "version": "17.4.2",
      "resolved": "https://registry.npmjs.org/dotenv/-/dotenv-17.4.2.tgz",
      "integrity": "sha512-nI4U3TottKAcAD9LLud4Cb7b2QztQMUEfHbvhTH09bqXTxnSie8WnjPALV/WMCrJZ6UV/qHJ6L03OqO3LcdYZw==",
      "license": "BSD-2-Clause",
      "engines": {
        "node": ">=12"
      },
      "funding": {
        "url": "https://dotenvx.com"
      }
    },
    "node_modules/pocketbase": {
      "version": "0.26.2",
      "resolved": "https://registry.npmjs.org/pocketbase/-/pocketbase-0.26.2.tgz",
      "integrity": "sha512-WA8EOBc3QnSJh8rJ3iYoi9DmmPOMFIgVfAmIGux7wwruUEIzXgvrO4u0W2htfQjGIcyezJkdZOy5Xmh7SxAftw==",
      "license": "MIT"
    }
  }
}
